
Microsoft Visual Studio Solution File, Format Version 12.00
# Visual Studio Version 16
VisualStudioVersion = 16.0.30907.101
MinimumVisualStudioVersion = 10.0.40219.1
Project("{FAE04EC0-301F-11D3-BF4B-00C04F79EFBC}") = "ABA Creator", "ABA Creator.csproj", "{EB8D9A18-C551-4893-9A98-AE5E67BD9DFA}"
EndProject
Global
	GlobalSection(SolutionConfigurationPlatforms) = preSolution
		Debug|Any CPU = Debug|Any CPU
		Release|Any CPU = Release|Any CPU
	EndGlobalSection
	GlobalSection(ProjectConfigurationPlatforms) = postSolution
		{EB8D9A18-C551-4893-9A98-AE5E67BD9DFA}.Debug|Any CPU.ActiveCfg = Debug|Any CPU
		{EB8D9A18-C551-4893-9A98-AE5E67BD9DFA}.Debug|Any CPU.Build.0 = Debug|Any CPU
		{EB8D9A18-C551-4893-9A98-AE5E67BD9DFA}.Release|Any CPU.ActiveCfg = Release|Any CPU
		{EB8D9A18-C551-4893-9A98-AE5E67BD9DFA}.Release|Any CPU.Build.0 = Release|Any CPU
	EndGlobalSection
	GlobalSection(SolutionProperties) = preSolution
		HideSolutionNode = FALSE
	EndGlobalSection
	GlobalSection(ExtensibilityGlobals) = postSolution
		SolutionGuid = {DEDE5C35-C45E-4630-86A2-C421EE98A4FA}
	EndGlobalSection
EndGlobal
